
Microsoft Visual Studio Solution File, Format Version 12.00
# Visual Studio 15
VisualStudioVersion = 15.0.28307.1022
MinimumVisualStudioVersion = 10.0.40219.1
Project("{FAE04EC0-301F-11D3-BF4B-00C04F79EFBC}") = "Yadak", "Yadak\Yadak.csproj", "{5725686B-C464-4AE9-A8AE-0D86D70C3961}"
EndProject
Global
	GlobalSection(SolutionConfigurationPlatforms) = preSolution
		Debug|Any CPU = Debug|Any CPU
		Release|Any CPU = Release|Any CPU
	EndGlobalSection
	GlobalSection(ProjectConfigurationPlatforms) = postSolution
		{5725686B-C464-4AE9-A8AE-0D86D70C3961}.Debug|Any CPU.ActiveCfg = Debug|Any CPU
		{5725686B-C464-4AE9-A8AE-0D86D70C3961}.Debug|Any CPU.Build.0 = Debug|Any CPU
		{5725686B-C464-4AE9-A8AE-0D86D70C3961}.Release|Any CPU.ActiveCfg = Release|Any CPU
		{5725686B-C464-4AE9-A8AE-0D86D70C3961}.Release|Any CPU.Build.0 = Release|Any CPU
	EndGlobalSection
	GlobalSection(SolutionProperties) = preSolution
		HideSolutionNode = FALSE
	EndGlobalSection
	GlobalSection(ExtensibilityGlobals) = postSolution
		SolutionGuid = {F08AD863-D802-42C0-8696-9E2A008ED30B}
	EndGlobalSection
EndGlobal
